
Microsoft Visual Studio Solution File, Format Version 12.00
# Visual Studio Version 17
VisualStudioVersion = 17.12.35707.178
MinimumVisualStudioVersion = 10.0.40219.1
Project("{FAE04EC0-301F-11D3-BF4B-00C04F79EFBC}") = "UniversalConverter", "UniversalConverter\UniversalConverter.csproj", "{D12BE821-A809-40F4-9601-9F9673CB7812}"
EndProject
Project("{FAE04EC0-301F-11D3-BF4B-00C04F79EFBC}") = "UniversalConverterTests", "UniversalConverterTests\UniversalConverterTests.csproj", "{0FB0B5A9-C769-4DDB-8076-99D7C0BF8B21}"
EndProject
Project("{2150E333-8FDC-42A3-9474-1A3956D46DE8}") = "Solution Items", "Solution Items", "{BE045979-FF41-4155-8D10-68887C6783A9}"
	ProjectSection(SolutionItems) = preProject
		.gitignore = .gitignore
		UniversalConverter\LICENSE = UniversalConverter\LICENSE
		UniversalConverter\README.md = UniversalConverter\README.md
	EndProjectSection
EndProject
Global
	GlobalSection(SolutionConfigurationPlatforms) = preSolution
		Debug|Any CPU = Debug|Any CPU
		Release|Any CPU = Release|Any CPU
	EndGlobalSection
	GlobalSection(ProjectConfigurationPlatforms) = postSolution
		{D12BE821-A809-40F4-9601-9F9673CB7812}.Debug|Any CPU.ActiveCfg = Debug|Any CPU
		{D12BE821-A809-40F4-9601-9F9673CB7812}.Debug|Any CPU.Build.0 = Debug|Any CPU
		{D12BE821-A809-40F4-9601-9F9673CB7812}.Release|Any CPU.ActiveCfg = Release|Any CPU
		{D12BE821-A809-40F4-9601-9F9673CB7812}.Release|Any CPU.Build.0 = Release|Any CPU
		{0FB0B5A9-C769-4DDB-8076-99D7C0BF8B21}.Debug|Any CPU.ActiveCfg = Debug|Any CPU
		{0FB0B5A9-C769-4DDB-8076-99D7C0BF8B21}.Debug|Any CPU.Build.0 = Debug|Any CPU
		{0FB0B5A9-C769-4DDB-8076-99D7C0BF8B21}.Release|Any CPU.ActiveCfg = Release|Any CPU
		{0FB0B5A9-C769-4DDB-8076-99D7C0BF8B21}.Release|Any CPU.Build.0 = Release|Any CPU
	EndGlobalSection
	GlobalSection(SolutionProperties) = preSolution
		HideSolutionNode = FALSE
	EndGlobalSection
EndGlobal
